// !$*UTF8*$!
{
	archiveVersion = 1;
	classes = {
	};
	objectVersion = 56;
	objects = {

/* Begin PBXBuildFile section */
		43619D352A046AD80099D2A9 /* NetworkMonitor.swift in Sources */ = {isa = PBXBuildFile; fileRef = 43619D342A046AD80099D2A9 /* NetworkMonitor.swift */; };
		43DDE09029EED0F2009C3635 /* SWPlanetsApp.swift in Sources */ = {isa = PBXBuildFile; fileRef = 43DDE08F29EED0F2009C3635 /* SWPlanetsApp.swift */; };
		43DDE09429EED0F3009C3635 /* Assets.xcassets in Resources */ = {isa = PBXBuildFile; fileRef = 43DDE09329EED0F3009C3635 /* Assets.xcassets */; };
		43DDE09729EED0F3009C3635 /* Preview Assets.xcassets in Resources */ = {isa = PBXBuildFile; fileRef = 43DDE09629EED0F3009C3635 /* Preview Assets.xcassets */; };
		43DDE0A129EED0F3009C3635 /* SWPlanetsTests.swift in Sources */ = {isa = PBXBuildFile; fileRef = 43DDE0A029EED0F3009C3635 /* SWPlanetsTests.swift */; };
		43DDE0AB29EED0F3009C3635 /* SWPlanetsUITests.swift in Sources */ = {isa = PBXBuildFile; fileRef = 43DDE0AA29EED0F3009C3635 /* SWPlanetsUITests.swift */; };
		43DDE0AD29EED0F3009C3635 /* SWPlanetsUITestsLaunchTests.swift in Sources */ = {isa = PBXBuildFile; fileRef = 43DDE0AC29EED0F3009C3635 /* SWPlanetsUITestsLaunchTests.swift */; };
		43DDE0BE29EED3C4009C3635 /* PlanetListView.swift in Sources */ = {isa = PBXBuildFile; fileRef = 43DDE0BD29EED3C4009C3635 /* PlanetListView.swift */; };
		43DDE0C129EED3EE009C3635 /* PlanetListViewModel.swift in Sources */ = {isa = PBXBuildFile; fileRef = 43DDE0C029EED3EE009C3635 /* PlanetListViewModel.swift */; };
		43DDE0C529EED697009C3635 /* ServiceProvider.swift in Sources */ = {isa = PBXBuildFile; fileRef = 43DDE0C429EED697009C3635 /* ServiceProvider.swift */; };
		43DDE0C729EED6CA009C3635 /* OnlinePlanetService.swift in Sources */ = {isa = PBXBuildFile; fileRef = 43DDE0C629EED6CA009C3635 /* OnlinePlanetService.swift */; };
		43DDE0C929EEE0A3009C3635 /* PlanetList.swift in Sources */ = {isa = PBXBuildFile; fileRef = 43DDE0C829EEE0A3009C3635 /* PlanetList.swift */; };
		43DDE0D229EEFEDA009C3635 /* LoadingView.swift in Sources */ = {isa = PBXBuildFile; fileRef = 43DDE0D129EEFED9009C3635 /* LoadingView.swift */; };
		43DDE0D429EF0279009C3635 /* AppContentView.swift in Sources */ = {isa = PBXBuildFile; fileRef = 43DDE0D329EF0279009C3635 /* AppContentView.swift */; };
		43DDE0D729EF0525009C3635 /* CoreDataStack.swift in Sources */ = {isa = PBXBuildFile; fileRef = 43DDE0D629EF0525009C3635 /* CoreDataStack.swift */; };
		43DDE0DB29EF06E6009C3635 /* PlanetStore.xcdatamodeld in Sources */ = {isa = PBXBuildFile; fileRef = 43DDE0D929EF06E6009C3635 /* PlanetStore.xcdatamodeld */; };
		43DDE11A29EF1A5B009C3635 /* PlanetDetails.swift in Sources */ = {isa = PBXBuildFile; fileRef = 43DDE11929EF1A5B009C3635 /* PlanetDetails.swift */; };
		43DDE12129EF2869009C3635 /* NetworkStatusView.swift in Sources */ = {isa = PBXBuildFile; fileRef = 43DDE12029EF2869009C3635 /* NetworkStatusView.swift */; };
		43DDE12329EF3234009C3635 /* AppDataServiceProvider.swift in Sources */ = {isa = PBXBuildFile; fileRef = 43DDE12229EF3234009C3635 /* AppDataServiceProvider.swift */; };
		43DDE16529EF41BE009C3635 /* PlanetListViewModelTests.swift in Sources */ = {isa = PBXBuildFile; fileRef = 43DDE16429EF41BE009C3635 /* PlanetListViewModelTests.swift */; };
		43DDE16629EF4210009C3635 /* PlanetListViewModel.swift in Sources */ = {isa = PBXBuildFile; fileRef = 43DDE0C029EED3EE009C3635 /* PlanetListViewModel.swift */; };
		43DDE16729EF422C009C3635 /* ServiceProvider.swift in Sources */ = {isa = PBXBuildFile; fileRef = 43DDE0C429EED697009C3635 /* ServiceProvider.swift */; };
		43DDE16B29EF425A009C3635 /* ServiceProviderMock.swift in Sources */ = {isa = PBXBuildFile; fileRef = 43DDE16A29EF425A009C3635 /* ServiceProviderMock.swift */; };
		43DDE16C29EF42AD009C3635 /* PlanetList.swift in Sources */ = {isa = PBXBuildFile; fileRef = 43DDE0C829EEE0A3009C3635 /* PlanetList.swift */; };
		43DDE16D29EF42B0009C3635 /* PlanetDetails.swift in Sources */ = {isa = PBXBuildFile; fileRef = 43DDE11929EF1A5B009C3635 /* PlanetDetails.swift */; };
		43DDE16F29EF447F009C3635 /* MockNetworkMonitor.swift in Sources */ = {isa = PBXBuildFile; fileRef = 43DDE16E29EF447F009C3635 /* MockNetworkMonitor.swift */; };
		43DDE17029EF45B4009C3635 /* CoreDataStack.swift in Sources */ = {isa = PBXBuildFile; fileRef = 43DDE0D629EF0525009C3635 /* CoreDataStack.swift */; };
		43DDE17329EF464A009C3635 /* Planet.swift in Sources */ = {isa = PBXBuildFile; fileRef = 43DDE17229EF464A009C3635 /* Planet.swift */; };
		43DDE17429EF4655009C3635 /* Planet.swift in Sources */ = {isa = PBXBuildFile; fileRef = 43DDE17229EF464A009C3635 /* Planet.swift */; };
		43DDE17529EF46A7009C3635 /* AppDataServiceProvider.swift in Sources */ = {isa = PBXBuildFile; fileRef = 43DDE12229EF3234009C3635 /* AppDataServiceProvider.swift */; };
		43DDE17729EF4C74009C3635 /* PlanetStore.xcdatamodeld in Sources */ = {isa = PBXBuildFile; fileRef = 43DDE0D929EF06E6009C3635 /* PlanetStore.xcdatamodeld */; };
		43DDE17829EF4C83009C3635 /* OnlinePlanetService.swift in Sources */ = {isa = PBXBuildFile; fileRef = 43DDE0C629EED6CA009C3635 /* OnlinePlanetService.swift */; };
		43DDE17B29EF4E33009C3635 /* AppDataServiceProviderTests.swift in Sources */ = {isa = PBXBuildFile; fileRef = 43DDE17A29EF4E33009C3635 /* AppDataServiceProviderTests.swift */; };
/* End PBXBuildFile section */

/* Begin PBXContainerItemProxy section */
		43DDE09D29EED0F3009C3635 /* PBXContainerItemProxy */ = {
			isa = PBXContainerItemProxy;
			containerPortal = 43DDE08429EED0F2009C3635 /* Project object */;
			proxyType = 1;
			remoteGlobalIDString = 43DDE08B29EED0F2009C3635;
			remoteInfo = SWPlanets;
		};
		43DDE0A729EED0F3009C3635 /* PBXContainerItemProxy */ = {
			isa = PBXContainerItemProxy;
			containerPortal = 43DDE08429EED0F2009C3635 /* Project object */;
			proxyType = 1;
			remoteGlobalIDString = 43DDE08B29EED0F2009C3635;
			remoteInfo = SWPlanets;
		};
/* End PBXContainerItemProxy section */

/* Begin PBXFileReference section */
		43619D322A0441650099D2A9 /* Debug_FeatureFlags.xcconfig */ = {isa = PBXFileReference; lastKnownFileType = text.xcconfig; path = Debug_FeatureFlags.xcconfig; sourceTree = "<group>"; };
		43619D332A0441860099D2A9 /* Release_FeatureFlags.xcconfig */ = {isa = PBXFileReference; lastKnownFileType = text.xcconfig; path = Release_FeatureFlags.xcconfig; sourceTree = "<group>"; };
		43619D342A046AD80099D2A9 /* NetworkMonitor.swift */ = {isa = PBXFileReference; fileEncoding = 4; lastKnownFileType = sourcecode.swift; path = NetworkMonitor.swift; sourceTree = "<group>"; };
		43DDE08C29EED0F2009C3635 /* SWPlanets.app */ = {isa = PBXFileReference; explicitFileType = wrapper.application; includeInIndex = 0; path = SWPlanets.app; sourceTree = BUILT_PRODUCTS_DIR; };
		43DDE08F29EED0F2009C3635 /* SWPlanetsApp.swift */ = {isa = PBXFileReference; lastKnownFileType = sourcecode.swift; path = SWPlanetsApp.swift; sourceTree = "<group>"; };
		43DDE09329EED0F3009C3635 /* Assets.xcassets */ = {isa = PBXFileReference; lastKnownFileType = folder.assetcatalog; path = Assets.xcassets; sourceTree = "<group>"; };
		43DDE09629EED0F3009C3635 /* Preview Assets.xcassets */ = {isa = PBXFileReference; lastKnownFileType = folder.assetcatalog; path = "Preview Assets.xcassets"; sourceTree = "<group>"; };
		43DDE09C29EED0F3009C3635 /* SWPlanetsTests.xctest */ = {isa = PBXFileReference; explicitFileType = wrapper.cfbundle; includeInIndex = 0; path = SWPlanetsTests.xctest; sourceTree = BUILT_PRODUCTS_DIR; };
		43DDE0A029EED0F3009C3635 /* SWPlanetsTests.swift */ = {isa = PBXFileReference; lastKnownFileType = sourcecode.swift; path = SWPlanetsTests.swift; sourceTree = "<group>"; };
		43DDE0A629EED0F3009C3635 /* SWPlanetsUITests.xctest */ = {isa = PBXFileReference; explicitFileType = wrapper.cfbundle; includeInIndex = 0; path = SWPlanetsUITests.xctest; sourceTree = BUILT_PRODUCTS_DIR; };
		43DDE0AA29EED0F3009C3635 /* SWPlanetsUITests.swift */ = {isa = PBXFileReference; lastKnownFileType = sourcecode.swift; path = SWPlanetsUITests.swift; sourceTree = "<group>"; };
		43DDE0AC29EED0F3009C3635 /* SWPlanetsUITestsLaunchTests.swift */ = {isa = PBXFileReference; lastKnownFileType = sourcecode.swift; path = SWPlanetsUITestsLaunchTests.swift; sourceTree = "<group>"; };
		43DDE0BD29EED3C4009C3635 /* PlanetListView.swift */ = {isa = PBXFileReference; lastKnownFileType = sourcecode.swift; path = PlanetListView.swift; sourceTree = "<group>"; };
		43DDE0C029EED3EE009C3635 /* PlanetListViewModel.swift */ = {isa = PBXFileReference; lastKnownFileType = sourcecode.swift; path = PlanetListViewModel.swift; sourceTree = "<group>"; };
		43DDE0C429EED697009C3635 /* ServiceProvider.swift */ = {isa = PBXFileReference; lastKnownFileType = sourcecode.swift; path = ServiceProvider.swift; sourceTree = "<group>"; };
		43DDE0C629EED6CA009C3635 /* OnlinePlanetService.swift */ = {isa = PBXFileReference; lastKnownFileType = sourcecode.swift; path = OnlinePlanetService.swift; sourceTree = "<group>"; };
		43DDE0C829EEE0A3009C3635 /* PlanetList.swift */ = {isa = PBXFileReference; lastKnownFileType = sourcecode.swift; path = PlanetList.swift; sourceTree = "<group>"; };
		43DDE0D129EEFED9009C3635 /* LoadingView.swift */ = {isa = PBXFileReference; lastKnownFileType = sourcecode.swift; path = LoadingView.swift; sourceTree = "<group>"; };
		43DDE0D329EF0279009C3635 /* AppContentView.swift */ = {isa = PBXFileReference; lastKnownFileType = sourcecode.swift; path = AppContentView.swift; sourceTree = "<group>"; };
		43DDE0D629EF0525009C3635 /* CoreDataStack.swift */ = {isa = PBXFileReference; lastKnownFileType = sourcecode.swift; path = CoreDataStack.swift; sourceTree = "<group>"; };
		43DDE0DA29EF06E6009C3635 /* PlanetStore.xcdatamodel */ = {isa = PBXFileReference; lastKnownFileType = wrapper.xcdatamodel; path = PlanetStore.xcdatamodel; sourceTree = "<group>"; };
		43DDE11929EF1A5B009C3635 /* PlanetDetails.swift */ = {isa = PBXFileReference; lastKnownFileType = sourcecode.swift; path = PlanetDetails.swift; sourceTree = "<group>"; };
		43DDE11F29EF1FCA009C3635 /* Info.plist */ = {isa = PBXFileReference; lastKnownFileType = text.plist; path = Info.plist; sourceTree = "<group>"; };
		43DDE12029EF2869009C3635 /* NetworkStatusView.swift */ = {isa = PBXFileReference; lastKnownFileType = sourcecode.swift; path = NetworkStatusView.swift; sourceTree = "<group>"; };
		43DDE12229EF3234009C3635 /* AppDataServiceProvider.swift */ = {isa = PBXFileReference; lastKnownFileType = sourcecode.swift; path = AppDataServiceProvider.swift; sourceTree = "<group>"; };
		43DDE16429EF41BE009C3635 /* PlanetListViewModelTests.swift */ = {isa = PBXFileReference; lastKnownFileType = sourcecode.swift; path = PlanetListViewModelTests.swift; sourceTree = "<group>"; };
		43DDE16A29EF425A009C3635 /* ServiceProviderMock.swift */ = {isa = PBXFileReference; lastKnownFileType = sourcecode.swift; path = ServiceProviderMock.swift; sourceTree = "<group>"; };
		43DDE16E29EF447F009C3635 /* MockNetworkMonitor.swift */ = {isa = PBXFileReference; lastKnownFileType = sourcecode.swift; path = MockNetworkMonitor.swift; sourceTree = "<group>"; };
		43DDE17229EF464A009C3635 /* Planet.swift */ = {isa = PBXFileReference; lastKnownFileType = sourcecode.swift; path = Planet.swift; sourceTree = "<group>"; };
		43DDE17A29EF4E33009C3635 /* AppDataServiceProviderTests.swift */ = {isa = PBXFileReference; lastKnownFileType = sourcecode.swift; path = AppDataServiceProviderTests.swift; sourceTree = "<group>"; };
/* End PBXFileReference section */

/* Begin PBXFrameworksBuildPhase section */
		43DDE08929EED0F2009C3635 /* Frameworks */ = {
			isa = PBXFrameworksBuildPhase;
			buildActionMask = 2147483647;
			files = (
			);
			runOnlyForDeploymentPostprocessing = 0;
		};
		43DDE09929EED0F3009C3635 /* Frameworks */ = {
			isa = PBXFrameworksBuildPhase;
			buildActionMask = 2147483647;
			files = (
			);
			runOnlyForDeploymentPostprocessing = 0;
		};
		43DDE0A329EED0F3009C3635 /* Frameworks */ = {
			isa = PBXFrameworksBuildPhase;
			buildActionMask = 2147483647;
			files = (
			);
			runOnlyForDeploymentPostprocessing = 0;
		};
/* End PBXFrameworksBuildPhase section */

/* Begin PBXGroup section */
		43DDE08329EED0F2009C3635 = {
			isa = PBXGroup;
			children = (
				43DDE08E29EED0F2009C3635 /* SWPlanets */,
				43DDE09F29EED0F3009C3635 /* SWPlanetsTests */,
				43DDE0A929EED0F3009C3635 /* SWPlanetsUITests */,
				43DDE08D29EED0F2009C3635 /* Products */,
			);
			sourceTree = "<group>";
		};
		43DDE08D29EED0F2009C3635 /* Products */ = {
			isa = PBXGroup;
			children = (
				43DDE08C29EED0F2009C3635 /* SWPlanets.app */,
				43DDE09C29EED0F3009C3635 /* SWPlanetsTests.xctest */,
				43DDE0A629EED0F3009C3635 /* SWPlanetsUITests.xctest */,
			);
			name = Products;
			sourceTree = "<group>";
		};
		43DDE08E29EED0F2009C3635 /* SWPlanets */ = {
			isa = PBXGroup;
			children = (
				43619D322A0441650099D2A9 /* Debug_FeatureFlags.xcconfig */,
				43619D332A0441860099D2A9 /* Release_FeatureFlags.xcconfig */,
				43DDE11F29EF1FCA009C3635 /* Info.plist */,
				43DDE0D829EF0576009C3635 /* OfflineStorage */,
				43DDE0BC29EED3A4009C3635 /* Service */,
				43DDE0BB29EED38E009C3635 /* Model */,
				43DDE0BA29EED142009C3635 /* ViewModel */,
				43DDE0B929EED13B009C3635 /* View */,
				43DDE0BF29EED3D5009C3635 /* App */,
				43DDE09329EED0F3009C3635 /* Assets.xcassets */,
				43DDE09529EED0F3009C3635 /* Preview Content */,
			);
			path = SWPlanets;
			sourceTree = "<group>";
		};
		43DDE09529EED0F3009C3635 /* Preview Content */ = {
			isa = PBXGroup;
			children = (
				43DDE09629EED0F3009C3635 /* Preview Assets.xcassets */,
			);
			path = "Preview Content";
			sourceTree = "<group>";
		};
		43DDE09F29EED0F3009C3635 /* SWPlanetsTests */ = {
			isa = PBXGroup;
			children = (
				43DDE17929EF4E17009C3635 /* Mock */,
				43DDE16929EF4240009C3635 /* Service */,
				43DDE16329EF419B009C3635 /* ViewModel */,
				43DDE0A029EED0F3009C3635 /* SWPlanetsTests.swift */,
			);
			path = SWPlanetsTests;
			sourceTree = "<group>";
		};
		43DDE0A929EED0F3009C3635 /* SWPlanetsUITests */ = {
			isa = PBXGroup;
			children = (
				43DDE0AA29EED0F3009C3635 /* SWPlanetsUITests.swift */,
				43DDE0AC29EED0F3009C3635 /* SWPlanetsUITestsLaunchTests.swift */,
			);
			path = SWPlanetsUITests;
			sourceTree = "<group>";
		};
		43DDE0B929EED13B009C3635 /* View */ = {
			isa = PBXGroup;
			children = (
				43DDE0D329EF0279009C3635 /* AppContentView.swift */,
				43DDE0BD29EED3C4009C3635 /* PlanetListView.swift */,
				43DDE12029EF2869009C3635 /* NetworkStatusView.swift */,
				43DDE0D129EEFED9009C3635 /* LoadingView.swift */,
			);
			path = View;
			sourceTree = "<group>";
		};
		43DDE0BA29EED142009C3635 /* ViewModel */ = {
			isa = PBXGroup;
			children = (
				43DDE0C029EED3EE009C3635 /* PlanetListViewModel.swift */,
			);
			path = ViewModel;
			sourceTree = "<group>";
		};
		43DDE0BB29EED38E009C3635 /* Model */ = {
			isa = PBXGroup;
			children = (
				43DDE0C829EEE0A3009C3635 /* PlanetList.swift */,
				43DDE11929EF1A5B009C3635 /* PlanetDetails.swift */,
			);
			path = Model;
			sourceTree = "<group>";
		};
		43DDE0BC29EED3A4009C3635 /* Service */ = {
			isa = PBXGroup;
			children = (
				43DDE0CC29EEEBF4009C3635 /* Helper */,
				43DDE0C429EED697009C3635 /* ServiceProvider.swift */,
				43DDE12229EF3234009C3635 /* AppDataServiceProvider.swift */,
			);
			path = Service;
			sourceTree = "<group>";
		};
		43DDE0BF29EED3D5009C3635 /* App */ = {
			isa = PBXGroup;
			children = (
				43DDE08F29EED0F2009C3635 /* SWPlanetsApp.swift */,
			);
			path = App;
			sourceTree = "<group>";
		};
		43DDE0CC29EEEBF4009C3635 /* Helper */ = {
			isa = PBXGroup;
			children = (
				43DDE0C629EED6CA009C3635 /* OnlinePlanetService.swift */,
				43619D342A046AD80099D2A9 /* NetworkMonitor.swift */,
			);
			path = Helper;
			sourceTree = "<group>";
		};
		43DDE0D529EF0465009C3635 /* CoreDataHelper */ = {
			isa = PBXGroup;
			children = (
				43DDE0D629EF0525009C3635 /* CoreDataStack.swift */,
			);
			path = CoreDataHelper;
			sourceTree = "<group>";
		};
		43DDE0D829EF0576009C3635 /* OfflineStorage */ = {
			isa = PBXGroup;
			children = (
				43DDE17C29EF508D009C3635 /* Model */,
				43DDE0D529EF0465009C3635 /* CoreDataHelper */,
				43DDE0D929EF06E6009C3635 /* PlanetStore.xcdatamodeld */,
			);
			path = OfflineStorage;
			sourceTree = "<group>";
		};
		43DDE16329EF419B009C3635 /* ViewModel */ = {
			isa = PBXGroup;
			children = (
				43DDE16429EF41BE009C3635 /* PlanetListViewModelTests.swift */,
			);
			path = ViewModel;
			sourceTree = "<group>";
		};
		43DDE16929EF4240009C3635 /* Service */ = {
			isa = PBXGroup;
			children = (
				43DDE17A29EF4E33009C3635 /* AppDataServiceProviderTests.swift */,
			);
			path = Service;
			sourceTree = "<group>";
		};
		43DDE17929EF4E17009C3635 /* Mock */ = {
			isa = PBXGroup;
			children = (
				43DDE16E29EF447F009C3635 /* MockNetworkMonitor.swift */,
				43DDE16A29EF425A009C3635 /* ServiceProviderMock.swift */,
			);
			path = Mock;
			sourceTree = "<group>";
		};
		43DDE17C29EF508D009C3635 /* Model */ = {
			isa = PBXGroup;
			children = (
				43DDE17229EF464A009C3635 /* Planet.swift */,
			);
			path = Model;
			sourceTree = "<group>";
		};
/* End PBXGroup section */

/* Begin PBXNativeTarget section */
		43DDE08B29EED0F2009C3635 /* SWPlanets */ = {
			isa = PBXNativeTarget;
			buildConfigurationList = 43DDE0B029EED0F3009C3635 /* Build configuration list for PBXNativeTarget "SWPlanets" */;
			buildPhases = (
				43DDE08829EED0F2009C3635 /* Sources */,
				43DDE08929EED0F2009C3635 /* Frameworks */,
				43DDE08A29EED0F2009C3635 /* Resources */,
			);
			buildRules = (
			);
			dependencies = (
			);
			name = SWPlanets;
			productName = SWPlanets;
			productReference = 43DDE08C29EED0F2009C3635 /* SWPlanets.app */;
			productType = "com.apple.product-type.application";
		};
		43DDE09B29EED0F3009C3635 /* SWPlanetsTests */ = {
			isa = PBXNativeTarget;
			buildConfigurationList = 43DDE0B329EED0F3009C3635 /* Build configuration list for PBXNativeTarget "SWPlanetsTests" */;
			buildPhases = (
				43DDE09829EED0F3009C3635 /* Sources */,
				43DDE09929EED0F3009C3635 /* Frameworks */,
				43DDE09A29EED0F3009C3635 /* Resources */,
			);
			buildRules = (
			);
			dependencies = (
				43DDE09E29EED0F3009C3635 /* PBXTargetDependency */,
			);
			name = SWPlanetsTests;
			productName = SWPlanetsTests;
			productReference = 43DDE09C29EED0F3009C3635 /* SWPlanetsTests.xctest */;
			productType = "com.apple.product-type.bundle.unit-test";
		};
		43DDE0A529EED0F3009C3635 /* SWPlanetsUITests */ = {
			isa = PBXNativeTarget;
			buildConfigurationList = 43DDE0B629EED0F3009C3635 /* Build configuration list for PBXNativeTarget "SWPlanetsUITests" */;
			buildPhases = (
				43DDE0A229EED0F3009C3635 /* Sources */,
				43DDE0A329EED0F3009C3635 /* Frameworks */,
				43DDE0A429EED0F3009C3635 /* Resources */,
			);
			buildRules = (
			);
			dependencies = (
				43DDE0A829EED0F3009C3635 /* PBXTargetDependency */,
			);
			name = SWPlanetsUITests;
			productName = SWPlanetsUITests;
			productReference = 43DDE0A629EED0F3009C3635 /* SWPlanetsUITests.xctest */;
			productType = "com.apple.product-type.bundle.ui-testing";
		};
/* End PBXNativeTarget section */

/* Begin PBXProject section */
		43DDE08429EED0F2009C3635 /* Project object */ = {
			isa = PBXProject;
			attributes = {
				BuildIndependentTargetsInParallel = 1;
				LastSwiftUpdateCheck = 1420;
				LastUpgradeCheck = 1420;
				TargetAttributes = {
					43DDE08B29EED0F2009C3635 = {
						CreatedOnToolsVersion = 14.2;
					};
					43DDE09B29EED0F3009C3635 = {
						CreatedOnToolsVersion = 14.2;
						TestTargetID = 43DDE08B29EED0F2009C3635;
					};
					43DDE0A529EED0F3009C3635 = {
						CreatedOnToolsVersion = 14.2;
						TestTargetID = 43DDE08B29EED0F2009C3635;
					};
				};
			};
			buildConfigurationList = 43DDE08729EED0F2009C3635 /* Build configuration list for PBXProject "SWPlanets" */;
			compatibilityVersion = "Xcode 14.0";
			developmentRegion = en;
			hasScannedForEncodings = 0;
			knownRegions = (
				en,
				Base,
			);
			mainGroup = 43DDE08329EED0F2009C3635;
			productRefGroup = 43DDE08D29EED0F2009C3635 /* Products */;
			projectDirPath = "";
			projectRoot = "";
			targets = (
				43DDE08B29EED0F2009C3635 /* SWPlanets */,
				43DDE09B29EED0F3009C3635 /* SWPlanetsTests */,
				43DDE0A529EED0F3009C3635 /* SWPlanetsUITests */,
			);
		};
/* End PBXProject section */

/* Begin PBXResourcesBuildPhase section */
		43DDE08A29EED0F2009C3635 /* Resources */ = {
			isa = PBXResourcesBuildPhase;
			buildActionMask = 2147483647;
			files = (
				43DDE09729EED0F3009C3635 /* Preview Assets.xcassets in Resources */,
				43DDE09429EED0F3009C3635 /* Assets.xcassets in Resources */,
			);
			runOnlyForDeploymentPostprocessing = 0;
		};
		43DDE09A29EED0F3009C3635 /* Resources */ = {
			isa = PBXResourcesBuildPhase;
			buildActionMask = 2147483647;
			files = (
			);
			runOnlyForDeploymentPostprocessing = 0;
		};
		43DDE0A429EED0F3009C3635 /* Resources */ = {
			isa = PBXResourcesBuildPhase;
			buildActionMask = 2147483647;
			files = (
			);
			runOnlyForDeploymentPostprocessing = 0;
		};
/* End PBXResourcesBuildPhase section */

/* Begin PBXSourcesBuildPhase section */
		43DDE08829EED0F2009C3635 /* Sources */ = {
			isa = PBXSourcesBuildPhase;
			buildActionMask = 2147483647;
			files = (
				43DDE09029EED0F2009C3635 /* SWPlanetsApp.swift in Sources */,
				43DDE0C729EED6CA009C3635 /* OnlinePlanetService.swift in Sources */,
				43DDE0C929EEE0A3009C3635 /* PlanetList.swift in Sources */,
				43DDE0D729EF0525009C3635 /* CoreDataStack.swift in Sources */,
				43DDE0D229EEFEDA009C3635 /* LoadingView.swift in Sources */,
				43DDE0C529EED697009C3635 /* ServiceProvider.swift in Sources */,
				43DDE0D429EF0279009C3635 /* AppContentView.swift in Sources */,
				43619D352A046AD80099D2A9 /* NetworkMonitor.swift in Sources */,
				43DDE0C129EED3EE009C3635 /* PlanetListViewModel.swift in Sources */,
				43DDE17329EF464A009C3635 /* Planet.swift in Sources */,
				43DDE0BE29EED3C4009C3635 /* PlanetListView.swift in Sources */,
				43DDE11A29EF1A5B009C3635 /* PlanetDetails.swift in Sources */,
				43DDE12129EF2869009C3635 /* NetworkStatusView.swift in Sources */,
				43DDE12329EF3234009C3635 /* AppDataServiceProvider.swift in Sources */,
				43DDE0DB29EF06E6009C3635 /* PlanetStore.xcdatamodeld in Sources */,
			);
			runOnlyForDeploymentPostprocessing = 0;
		};
		43DDE09829EED0F3009C3635 /* Sources */ = {
			isa = PBXSourcesBuildPhase;
			buildActionMask = 2147483647;
			files = (
				43DDE16D29EF42B0009C3635 /* PlanetDetails.swift in Sources */,
				43DDE16B29EF425A009C3635 /* ServiceProviderMock.swift in Sources */,
				43DDE16729EF422C009C3635 /* ServiceProvider.swift in Sources */,
				43DDE17429EF4655009C3635 /* Planet.swift in Sources */,
				43DDE16C29EF42AD009C3635 /* PlanetList.swift in Sources */,
				43DDE16F29EF447F009C3635 /* MockNetworkMonitor.swift in Sources */,
				43DDE17029EF45B4009C3635 /* CoreDataStack.swift in Sources */,
				43DDE16529EF41BE009C3635 /* PlanetListViewModelTests.swift in Sources */,
				43DDE16629EF4210009C3635 /* PlanetListViewModel.swift in Sources */,
				43DDE17729EF4C74009C3635 /* PlanetStore.xcdatamodeld in Sources */,
				43DDE17B29EF4E33009C3635 /* AppDataServiceProviderTests.swift in Sources */,
				43DDE17529EF46A7009C3635 /* AppDataServiceProvider.swift in Sources */,
				43DDE0A129EED0F3009C3635 /* SWPlanetsTests.swift in Sources */,
				43DDE17829EF4C83009C3635 /* OnlinePlanetService.swift in Sources */,
			);
			runOnlyForDeploymentPostprocessing = 0;
		};
		43DDE0A229EED0F3009C3635 /* Sources */ = {
			isa = PBXSourcesBuildPhase;
			buildActionMask = 2147483647;
			files = (
				43DDE0AD29EED0F3009C3635 /* SWPlanetsUITestsLaunchTests.swift in Sources */,
				43DDE0AB29EED0F3009C3635 /* SWPlanetsUITests.swift in Sources */,
			);
			runOnlyForDeploymentPostprocessing = 0;
		};
/* End PBXSourcesBuildPhase section */

/* Begin PBXTargetDependency section */
		43DDE09E29EED0F3009C3635 /* PBXTargetDependency */ = {
			isa = PBXTargetDependency;
			target = 43DDE08B29EED0F2009C3635 /* SWPlanets */;
			targetProxy = 43DDE09D29EED0F3009C3635 /* PBXContainerItemProxy */;
		};
		43DDE0A829EED0F3009C3635 /* PBXTargetDependency */ = {
			isa = PBXTargetDependency;
			target = 43DDE08B29EED0F2009C3635 /* SWPlanets */;
			targetProxy = 43DDE0A729EED0F3009C3635 /* PBXContainerItemProxy */;
		};
/* End PBXTargetDependency section */

/* Begin XCBuildConfiguration section */
		43DDE0AE29EED0F3009C3635 /* Debug */ = {
			isa = XCBuildConfiguration;
			buildSettings = {
				ALWAYS_SEARCH_USER_PATHS = NO;
				CLANG_ANALYZER_NONNULL = YES;
				CLANG_ANALYZER_NUMBER_OBJECT_CONVERSION = YES_AGGRESSIVE;
				CLANG_CXX_LANGUAGE_STANDARD = "gnu++20";
				CLANG_ENABLE_MODULES = YES;
				CLANG_ENABLE_OBJC_ARC = YES;
				CLANG_ENABLE_OBJC_WEAK = YES;
				CLANG_WARN_BLOCK_CAPTURE_AUTORELEASING = YES;
				CLANG_WARN_BOOL_CONVERSION = YES;
				CLANG_WARN_COMMA = YES;
				CLANG_WARN_CONSTANT_CONVERSION = YES;
				CLANG_WARN_DEPRECATED_OBJC_IMPLEMENTATIONS = YES;
				CLANG_WARN_DIRECT_OBJC_ISA_USAGE = YES_ERROR;
				CLANG_WARN_DOCUMENTATION_COMMENTS = YES;
				CLANG_WARN_EMPTY_BODY = YES;
				CLANG_WARN_ENUM_CONVERSION = YES;
				CLANG_WARN_INFINITE_RECURSION = YES;
				CLANG_WARN_INT_CONVERSION = YES;
				CLANG_WARN_NON_LITERAL_NULL_CONVERSION = YES;
				CLANG_WARN_OBJC_IMPLICIT_RETAIN_SELF = YES;
				CLANG_WARN_OBJC_LITERAL_CONVERSION = YES;
				CLANG_WARN_OBJC_ROOT_CLASS = YES_ERROR;
				CLANG_WARN_QUOTED_INCLUDE_IN_FRAMEWORK_HEADER = YES;
				CLANG_WARN_RANGE_LOOP_ANALYSIS = YES;
				CLANG_WARN_STRICT_PROTOTYPES = YES;
				CLANG_WARN_SUSPICIOUS_MOVE = YES;
				CLANG_WARN_UNGUARDED_AVAILABILITY = YES_AGGRESSIVE;
				CLANG_WARN_UNREACHABLE_CODE = YES;
				CLANG_WARN__DUPLICATE_METHOD_MATCH = YES;
				COPY_PHASE_STRIP = NO;
				DEBUG_INFORMATION_FORMAT = dwarf;
				ENABLE_STRICT_OBJC_MSGSEND = YES;
				ENABLE_TESTABILITY = YES;
				GCC_C_LANGUAGE_STANDARD = gnu11;
				GCC_DYNAMIC_NO_PIC = NO;
				GCC_NO_COMMON_BLOCKS = YES;
				GCC_OPTIMIZATION_LEVEL = 0;
				GCC_PREPROCESSOR_DEFINITIONS = (
					"DEBUG=1",
					"$(inherited)",
				);
				GCC_WARN_64_TO_32_BIT_CONVERSION = YES;
				GCC_WARN_ABOUT_RETURN_TYPE = YES_ERROR;
				GCC_WARN_UNDECLARED_SELECTOR = YES;
				GCC_WARN_UNINITIALIZED_AUTOS = YES_AGGRESSIVE;
				GCC_WARN_UNUSED_FUNCTION = YES;
				GCC_WARN_UNUSED_VARIABLE = YES;
				IPHONEOS_DEPLOYMENT_TARGET = 15.0;
				MTL_ENABLE_DEBUG_INFO = INCLUDE_SOURCE;
				MTL_FAST_MATH = YES;
				ONLY_ACTIVE_ARCH = YES;
				SDKROOT = iphoneos;
				SWIFT_ACTIVE_COMPILATION_CONDITIONS = DEBUG;
				SWIFT_OPTIMIZATION_LEVEL = "-Onone";
			};
			name = Debug;
		};
		43DDE0AF29EED0F3009C3635 /* Release */ = {
			isa = XCBuildConfiguration;
			buildSettings = {
				ALWAYS_SEARCH_USER_PATHS = NO;
				CLANG_ANALYZER_NONNULL = YES;
				CLANG_ANALYZER_NUMBER_OBJECT_CONVERSION = YES_AGGRESSIVE;
				CLANG_CXX_LANGUAGE_STANDARD = "gnu++20";
				CLANG_ENABLE_MODULES = YES;
				CLANG_ENABLE_OBJC_ARC = YES;
				CLANG_ENABLE_OBJC_WEAK = YES;
				CLANG_WARN_BLOCK_CAPTURE_AUTORELEASING = YES;
				CLANG_WARN_BOOL_CONVERSION = YES;
				CLANG_WARN_COMMA = YES;
				CLANG_WARN_CONSTANT_CONVERSION = YES;
				CLANG_WARN_DEPRECATED_OBJC_IMPLEMENTATIONS = YES;
				CLANG_WARN_DIRECT_OBJC_ISA_USAGE = YES_ERROR;
				CLANG_WARN_DOCUMENTATION_COMMENTS = YES;
				CLANG_WARN_EMPTY_BODY = YES;
				CLANG_WARN_ENUM_CONVERSION = YES;
				CLANG_WARN_INFINITE_RECURSION = YES;
				CLANG_WARN_INT_CONVERSION = YES;
				CLANG_WARN_NON_LITERAL_NULL_CONVERSION = YES;
				CLANG_WARN_OBJC_IMPLICIT_RETAIN_SELF = YES;
				CLANG_WARN_OBJC_LITERAL_CONVERSION = YES;
				CLANG_WARN_OBJC_ROOT_CLASS = YES_ERROR;
				CLANG_WARN_QUOTED_INCLUDE_IN_FRAMEWORK_HEADER = YES;
				CLANG_WARN_RANGE_LOOP_ANALYSIS = YES;
				CLANG_WARN_STRICT_PROTOTYPES = YES;
				CLANG_WARN_SUSPICIOUS_MOVE = YES;
				CLANG_WARN_UNGUARDED_AVAILABILITY = YES_AGGRESSIVE;
				CLANG_WARN_UNREACHABLE_CODE = YES;
				CLANG_WARN__DUPLICATE_METHOD_MATCH = YES;
				COPY_PHASE_STRIP = NO;
				DEBUG_INFORMATION_FORMAT = "dwarf-with-dsym";
				ENABLE_NS_ASSERTIONS = NO;
				ENABLE_STRICT_OBJC_MSGSEND = YES;
				GCC_C_LANGUAGE_STANDARD = gnu11;
				GCC_NO_COMMON_BLOCKS = YES;
				GCC_WARN_64_TO_32_BIT_CONVERSION = YES;
				GCC_WARN_ABOUT_RETURN_TYPE = YES_ERROR;
				GCC_WARN_UNDECLARED_SELECTOR = YES;
				GCC_WARN_UNINITIALIZED_AUTOS = YES_AGGRESSIVE;
				GCC_WARN_UNUSED_FUNCTION = YES;
				GCC_WARN_UNUSED_VARIABLE = YES;
				IPHONEOS_DEPLOYMENT_TARGET = 15.0;
				MTL_ENABLE_DEBUG_INFO = NO;
				MTL_FAST_MATH = YES;
				SDKROOT = iphoneos;
				SWIFT_COMPILATION_MODE = wholemodule;
				SWIFT_OPTIMIZATION_LEVEL = "-O";
				VALIDATE_PRODUCT = YES;
			};
			name = Release;
		};
		43DDE0B129EED0F3009C3635 /* Debug */ = {
			isa = XCBuildConfiguration;
			baseConfigurationReference = 43619D322A0441650099D2A9 /* Debug_FeatureFlags.xcconfig */;
			buildSettings = {
				ASSETCATALOG_COMPILER_APPICON_NAME = AppIcon;
				ASSETCATALOG_COMPILER_GLOBAL_ACCENT_COLOR_NAME = AccentColor;
				CODE_SIGN_STYLE = Automatic;
				CURRENT_PROJECT_VERSION = 1;
				DEVELOPMENT_ASSET_PATHS = "\"SWPlanets/Preview Content\"";
				DEVELOPMENT_TEAM = N6859F3C8L;
				ENABLE_PREVIEWS = YES;
				GENERATE_INFOPLIST_FILE = YES;
				INFOPLIST_FILE = SWPlanets/Info.plist;
				INFOPLIST_KEY_UIApplicationSupportsIndirectInputEvents = YES;
				INFOPLIST_KEY_UILaunchScreen_Generation = YES;
				INFOPLIST_KEY_UISupportedInterfaceOrientations_iPad = "UIInterfaceOrientationPortrait UIInterfaceOrientationPortraitUpsideDown UIInterfaceOrientationLandscapeLeft UIInterfaceOrientationLandscapeRight";
				INFOPLIST_KEY_UISupportedInterfaceOrientations_iPhone = "UIInterfaceOrientationPortrait UIInterfaceOrientationLandscapeLeft UIInterfaceOrientationLandscapeRight";
				IPHONEOS_DEPLOYMENT_TARGET = 15.0;
				LD_RUNPATH_SEARCH_PATHS = (
					"$(inherited)",
					"@executable_path/Frameworks",
				);
				MARKETING_VERSION = 1.0;
				PRODUCT_BUNDLE_IDENTIFIER = "com.rohitragmahale.SW-Planets";
				PRODUCT_NAME = "$(TARGET_NAME)";
				SWIFT_EMIT_LOC_STRINGS = YES;
				SWIFT_VERSION = 5.0;
				TARGETED_DEVICE_FAMILY = "1,2";
			};
			name = Debug;
		};
		43DDE0B229EED0F3009C3635 /* Release */ = {
			isa = XCBuildConfiguration;
			baseConfigurationReference = 43619D332A0441860099D2A9 /* Release_FeatureFlags.xcconfig */;
			buildSettings = {
				ASSETCATALOG_COMPILER_APPICON_NAME = AppIcon;
				ASSETCATALOG_COMPILER_GLOBAL_ACCENT_COLOR_NAME = AccentColor;
				CODE_SIGN_STYLE = Automatic;
				CURRENT_PROJECT_VERSION = 1;
				DEVELOPMENT_ASSET_PATHS = "\"SWPlanets/Preview Content\"";
				DEVELOPMENT_TEAM = N6859F3C8L;
				ENABLE_PREVIEWS = YES;
				GENERATE_INFOPLIST_FILE = YES;
				INFOPLIST_FILE = SWPlanets/Info.plist;
				INFOPLIST_KEY_UIApplicationSupportsIndirectInputEvents = YES;
				INFOPLIST_KEY_UILaunchScreen_Generation = YES;
				INFOPLIST_KEY_UISupportedInterfaceOrientations_iPad = "UIInterfaceOrientationPortrait UIInterfaceOrientationPortraitUpsideDown UIInterfaceOrientationLandscapeLeft UIInterfaceOrientationLandscapeRight";
				INFOPLIST_KEY_UISupportedInterfaceOrientations_iPhone = "UIInterfaceOrientationPortrait UIInterfaceOrientationLandscapeLeft UIInterfaceOrientationLandscapeRight";
				IPHONEOS_DEPLOYMENT_TARGET = 15.0;
				LD_RUNPATH_SEARCH_PATHS = (
					"$(inherited)",
					"@executable_path/Frameworks",
				);
				MARKETING_VERSION = 1.0;
				PRODUCT_BUNDLE_IDENTIFIER = "com.rohitragmahale.SW-Planets";
				PRODUCT_NAME = "$(TARGET_NAME)";
				SWIFT_EMIT_LOC_STRINGS = YES;
				SWIFT_VERSION = 5.0;
				TARGETED_DEVICE_FAMILY = "1,2";
			};
			name = Release;
		};
		43DDE0B429EED0F3009C3635 /* Debug */ = {
			isa = XCBuildConfiguration;
			buildSettings = {
				ALWAYS_EMBED_SWIFT_STANDARD_LIBRARIES = YES;
				BUNDLE_LOADER = "$(TEST_HOST)";
				CODE_SIGN_STYLE = Automatic;
				CURRENT_PROJECT_VERSION = 1;
				DEVELOPMENT_TEAM = N6859F3C8L;
				GENERATE_INFOPLIST_FILE = YES;
				IPHONEOS_DEPLOYMENT_TARGET = 15.0;
				MARKETING_VERSION = 1.0;
				PRODUCT_BUNDLE_IDENTIFIER = com.rohitragmahale.SWPlanetsTests;
				PRODUCT_NAME = "$(TARGET_NAME)";
				SWIFT_EMIT_LOC_STRINGS = NO;
				SWIFT_VERSION = 5.0;
				TARGETED_DEVICE_FAMILY = "1,2";
				TEST_HOST = "$(BUILT_PRODUCTS_DIR)/SWPlanets.app/$(BUNDLE_EXECUTABLE_FOLDER_PATH)/SWPlanets";
			};
			name = Debug;
		};
		43DDE0B529EED0F3009C3635 /* Release */ = {
			isa = XCBuildConfiguration;
			buildSettings = {
				ALWAYS_EMBED_SWIFT_STANDARD_LIBRARIES = YES;
				BUNDLE_LOADER = "$(TEST_HOST)";
				CODE_SIGN_STYLE = Automatic;
				CURRENT_PROJECT_VERSION = 1;
				DEVELOPMENT_TEAM = N6859F3C8L;
				GENERATE_INFOPLIST_FILE = YES;
				IPHONEOS_DEPLOYMENT_TARGET = 15.0;
				MARKETING_VERSION = 1.0;
				PRODUCT_BUNDLE_IDENTIFIER = com.rohitragmahale.SWPlanetsTests;
				PRODUCT_NAME = "$(TARGET_NAME)";
				SWIFT_EMIT_LOC_STRINGS = NO;
				SWIFT_VERSION = 5.0;
				TARGETED_DEVICE_FAMILY = "1,2";
				TEST_HOST = "$(BUILT_PRODUCTS_DIR)/SWPlanets.app/$(BUNDLE_EXECUTABLE_FOLDER_PATH)/SWPlanets";
			};
			name = Release;
		};
		43DDE0B729EED0F3009C3635 /* Debug */ = {
			isa = XCBuildConfiguration;
			buildSettings = {
				ALWAYS_EMBED_SWIFT_STANDARD_LIBRARIES = YES;
				CODE_SIGN_STYLE = Automatic;
				CURRENT_PROJECT_VERSION = 1;
				DEVELOPMENT_TEAM = N6859F3C8L;
				GENERATE_INFOPLIST_FILE = YES;
				MARKETING_VERSION = 1.0;
				PRODUCT_BUNDLE_IDENTIFIER = com.rohitragmahale.SWPlanetsUITests;
				PRODUCT_NAME = "$(TARGET_NAME)";
				SWIFT_EMIT_LOC_STRINGS = NO;
				SWIFT_VERSION = 5.0;
				TARGETED_DEVICE_FAMILY = "1,2";
				TEST_TARGET_NAME = SWPlanets;
			};
			name = Debug;
		};
		43DDE0B829EED0F3009C3635 /* Release */ = {
			isa = XCBuildConfiguration;
			buildSettings = {
				ALWAYS_EMBED_SWIFT_STANDARD_LIBRARIES = YES;
				CODE_SIGN_STYLE = Automatic;
				CURRENT_PROJECT_VERSION = 1;
				DEVELOPMENT_TEAM = N6859F3C8L;
				GENERATE_INFOPLIST_FILE = YES;
				MARKETING_VERSION = 1.0;
				PRODUCT_BUNDLE_IDENTIFIER = com.rohitragmahale.SWPlanetsUITests;
				PRODUCT_NAME = "$(TARGET_NAME)";
				SWIFT_EMIT_LOC_STRINGS = NO;
				SWIFT_VERSION = 5.0;
				TARGETED_DEVICE_FAMILY = "1,2";
				TEST_TARGET_NAME = SWPlanets;
			};
			name = Release;
		};
/* End XCBuildConfiguration section */

/* Begin XCConfigurationList section */
		43DDE08729EED0F2009C3635 /* Build configuration list for PBXProject "SWPlanets" */ = {
			isa = XCConfigurationList;
			buildConfigurations = (
				43DDE0AE29EED0F3009C3635 /* Debug */,
				43DDE0AF29EED0F3009C3635 /* Release */,
			);
			defaultConfigurationIsVisible = 0;
			defaultConfigurationName = Release;
		};
		43DDE0B029EED0F3009C3635 /* Build configuration list for PBXNativeTarget "SWPlanets" */ = {
			isa = XCConfigurationList;
			buildConfigurations = (
				43DDE0B129EED0F3009C3635 /* Debug */,
				43DDE0B229EED0F3009C3635 /* Release */,
			);
			defaultConfigurationIsVisible = 0;
			defaultConfigurationName = Release;
		};
		43DDE0B329EED0F3009C3635 /* Build configuration list for PBXNativeTarget "SWPlanetsTests" */ = {
			isa = XCConfigurationList;
			buildConfigurations = (
				43DDE0B429EED0F3009C3635 /* Debug */,
				43DDE0B529EED0F3009C3635 /* Release */,
			);
			defaultConfigurationIsVisible = 0;
			defaultConfigurationName = Release;
		};
		43DDE0B629EED0F3009C3635 /* Build configuration list for PBXNativeTarget "SWPlanetsUITests" */ = {
			isa = XCConfigurationList;
			buildConfigurations = (
				43DDE0B729EED0F3009C3635 /* Debug */,
				43DDE0B829EED0F3009C3635 /* Release */,
			);
			defaultConfigurationIsVisible = 0;
			defaultConfigurationName = Release;
		};
/* End XCConfigurationList section */

/* Begin XCVersionGroup section */
		43DDE0D929EF06E6009C3635 /* PlanetStore.xcdatamodeld */ = {
			isa = XCVersionGroup;
			children = (
				43DDE0DA29EF06E6009C3635 /* PlanetStore.xcdatamodel */,
			);
			currentVersion = 43DDE0DA29EF06E6009C3635 /* PlanetStore.xcdatamodel */;
			path = PlanetStore.xcdatamodeld;
			sourceTree = "<group>";
			versionGroupType = wrapper.xcdatamodel;
		};
/* End XCVersionGroup section */
	};
	rootObject = 43DDE08429EED0F2009C3635 /* Project object */;
}
